
Microsoft Visual Studio Solution File, Format Version 12.00
# Visual Studio Version 17
VisualStudioVersion = 17.9.34622.214
MinimumVisualStudioVersion = 10.0.40219.1
Project("{9A19103F-16F7-4668-BE54-9A1E7A4F7556}") = "ShowProducts", "ShowProducts\ShowProducts.csproj", "{046A6C34-52CA-4961-A71B-69133184228C}"
EndProject
Global
	GlobalSection(SolutionConfigurationPlatforms) = preSolution
		Debug|Any CPU = Debug|Any CPU
		Release|Any CPU = Release|Any CPU
	EndGlobalSection
	GlobalSection(ProjectConfigurationPlatforms) = postSolution
		{046A6C34-52CA-4961-A71B-69133184228C}.Debug|Any CPU.ActiveCfg = Debug|Any CPU
		{046A6C34-52CA-4961-A71B-69133184228C}.Debug|Any CPU.Build.0 = Debug|Any CPU
		{046A6C34-52CA-4961-A71B-69133184228C}.Release|Any CPU.ActiveCfg = Release|Any CPU
		{046A6C34-52CA-4961-A71B-69133184228C}.Release|Any CPU.Build.0 = Release|Any CPU
	EndGlobalSection
	GlobalSection(SolutionProperties) = preSolution
		HideSolutionNode = FALSE
	EndGlobalSection
	GlobalSection(ExtensibilityGlobals) = postSolution
		SolutionGuid = {28C8AB77-78D9-4E1F-AEED-3CF83396C1C8}
	EndGlobalSection
EndGlobal
